# This file is generated by running "yarn install" inside your project.
# Manual changes might be lost - proceed with caution!

__metadata:
  version: 8
  cacheKey: 10c0

"@babel/code-frame@npm:^7.0.0":
  version: 7.27.1
  resolution: "@babel/code-frame@npm:7.27.1"
  dependencies:
    "@babel/helper-validator-identifier": "npm:^7.27.1"
    js-tokens: "npm:^4.0.0"
    picocolors: "npm:^1.1.1"
  checksum: 10c0/5dd9a18baa5fce4741ba729acc3a3272c49c25cb8736c4b18e113099520e7ef7b545a4096a26d600e4416157e63e87d66db46aa3fbf0a5f2286da2705c12da00
  languageName: node
  linkType: hard

"@babel/helper-validator-identifier@npm:^7.27.1":
  version: 7.27.1
  resolution: "@babel/helper-validator-identifier@npm:7.27.1"
  checksum: 10c0/c558f11c4871d526498e49d07a84752d1800bf72ac0d3dad100309a2eaba24efbf56ea59af5137ff15e3a00280ebe588560534b0e894a4750f8b1411d8f78b84
  languageName: node
  linkType: hard

"@inquirer/checkbox@npm:^4.1.9":
  version: 4.1.9
  resolution: "@inquirer/checkbox@npm:4.1.9"
  dependencies:
    "@inquirer/core": "npm:^10.1.14"
    "@inquirer/figures": "npm:^1.0.12"
    "@inquirer/type": "npm:^3.0.7"
    ansi-escapes: "npm:^4.3.2"
    yoctocolors-cjs: "npm:^2.1.2"
  peerDependencies:
    "@types/node": ">=18"
  peerDependenciesMeta:
    "@types/node":
      optional: true
  checksum: 10c0/d1a93c31f3dad37f060bfdb6a8ba53f2cd36cfca7766c464c34aa95ecf691956c32be2f5b71cc8633ed7581452a04ab7b3a025d662270460d21b25069651ed42
  languageName: node
  linkType: hard

"@inquirer/confirm@npm:^5.1.13":
  version: 5.1.13
  resolution: "@inquirer/confirm@npm:5.1.13"
  dependencies:
    "@inquirer/core": "npm:^10.1.14"
    "@inquirer/type": "npm:^3.0.7"
  peerDependencies:
    "@types/node": ">=18"
  peerDependenciesMeta:
    "@types/node":
      optional: true
  checksum: 10c0/e09af25c4b4f51fdc7c6780e2325217515d3970a8baab3597ae27ea8d0ed68527c19b3ae95f85eeb62d880f6e8a0f3bff91277f0f46e092e993ca18ad17e4993
  languageName: node
  linkType: hard

"@inquirer/core@npm:^10.1.14":
  version: 10.1.14
  resolution: "@inquirer/core@npm:10.1.14"
  dependencies:
    "@inquirer/figures": "npm:^1.0.12"
    "@inquirer/type": "npm:^3.0.7"
    ansi-escapes: "npm:^4.3.2"
    cli-width: "npm:^4.1.0"
    mute-stream: "npm:^2.0.0"
    signal-exit: "npm:^4.1.0"
    wrap-ansi: "npm:^6.2.0"
    yoctocolors-cjs: "npm:^2.1.2"
  peerDependencies:
    "@types/node": ">=18"
  peerDependenciesMeta:
    "@types/node":
      optional: true
  checksum: 10c0/2553eb059201ebb182eb8e55a278ce3f2848a3abdfcf26e651b57b146f35baa19a286af0365ee5968b4459a1be93864ebf205a7af32fed8f995b394750a1d1f4
  languageName: node
  linkType: hard

"@inquirer/editor@npm:^4.2.14":
  version: 4.2.14
  resolution: "@inquirer/editor@npm:4.2.14"
  dependencies:
    "@inquirer/core": "npm:^10.1.14"
    "@inquirer/type": "npm:^3.0.7"
    external-editor: "npm:^3.1.0"
  peerDependencies:
    "@types/node": ">=18"
  peerDependenciesMeta:
    "@types/node":
      optional: true
  checksum: 10c0/40e85b4a598f3541f96185c61f0a5ba9abf9385f28cef8b8a1f9570729bbb98f32c80e98e4ce63bd3d07d4011b770d945587d9c6eecce3b03eb2ec08bd7f37ea
  languageName: node
  linkType: hard

"@inquirer/expand@npm:^4.0.16":
  version: 4.0.16
  resolution: "@inquirer/expand@npm:4.0.16"
  dependencies:
    "@inquirer/core": "npm:^10.1.14"
    "@inquirer/type": "npm:^3.0.7"
    yoctocolors-cjs: "npm:^2.1.2"
  peerDependencies:
    "@types/node": ">=18"
  peerDependenciesMeta:
    "@types/node":
      optional: true
  checksum: 10c0/919e314c5bd86b957b491eff6aa79c990908b7898fc5d02968920be7866449d9dbf9bc33831eab922682e60b98553d753d1a3de6667fa6b1aa6443f457732713
  languageName: node
  linkType: hard

"@inquirer/figures@npm:^1.0.12":
  version: 1.0.12
  resolution: "@inquirer/figures@npm:1.0.12"
  checksum: 10c0/08694288bdf9aa474571ca94272113a5ac443229519ce71447eba9eb7d5a2007901bdc3e92216d929a69746dcbac29683886c20e67b7864a7c7f6c59b99d3269
  languageName: node
  linkType: hard

"@inquirer/input@npm:^4.2.0":
  version: 4.2.0
  resolution: "@inquirer/input@npm:4.2.0"
  dependencies:
    "@inquirer/core": "npm:^10.1.14"
    "@inquirer/type": "npm:^3.0.7"
  peerDependencies:
    "@types/node": ">=18"
  peerDependenciesMeta:
    "@types/node":
      optional: true
  checksum: 10c0/c9b671bbb8c8079e975c9138951b7abb6b06e04a44e47286b659569080140f5f18015ba3f2d55e90c5060a313a3c3e9e115138feced7abe7a94a43190a052199
  languageName: node
  linkType: hard

"@inquirer/number@npm:^3.0.16":
  version: 3.0.16
  resolution: "@inquirer/number@npm:3.0.16"
  dependencies:
    "@inquirer/core": "npm:^10.1.14"
    "@inquirer/type": "npm:^3.0.7"
  peerDependencies:
    "@types/node": ">=18"
  peerDependenciesMeta:
    "@types/node":
      optional: true
  checksum: 10c0/066230f02cd253fe26cd78493c7c20b59063c8c2de5c8f5fadcaf4eb8650efc9e6555ba7d3703cc9ba7a751663f60e62e24b4a319d9536afa7ced7459e9b2320
  languageName: node
  linkType: hard

"@inquirer/password@npm:^4.0.16":
  version: 4.0.16
  resolution: "@inquirer/password@npm:4.0.16"
  dependencies:
    "@inquirer/core": "npm:^10.1.14"
    "@inquirer/type": "npm:^3.0.7"
    ansi-escapes: "npm:^4.3.2"
  peerDependencies:
    "@types/node": ">=18"
  peerDependenciesMeta:
    "@types/node":
      optional: true
  checksum: 10c0/b77c57ba152b50c640cd77637d1ed23662059689546e33b235937e7e108fbbf72b9b5c61834c545f74f1d18d5c836ef5a0dc78da31ea6affe9842c3471a27325
  languageName: node
  linkType: hard

"@inquirer/prompts@npm:^7.6.0":
  version: 7.6.0
  resolution: "@inquirer/prompts@npm:7.6.0"
  dependencies:
    "@inquirer/checkbox": "npm:^4.1.9"
    "@inquirer/confirm": "npm:^5.1.13"
    "@inquirer/editor": "npm:^4.2.14"
    "@inquirer/expand": "npm:^4.0.16"
    "@inquirer/input": "npm:^4.2.0"
    "@inquirer/number": "npm:^3.0.16"
    "@inquirer/password": "npm:^4.0.16"
    "@inquirer/rawlist": "npm:^4.1.4"
    "@inquirer/search": "npm:^3.0.16"
    "@inquirer/select": "npm:^4.2.4"
  peerDependencies:
    "@types/node": ">=18"
  peerDependenciesMeta:
    "@types/node":
      optional: true
  checksum: 10c0/a00186a71388308a1bc83bd96fef14c702b6cfa34ecd7c7cf880405295b25aefd18a3b79363d788c9c31a2aa5e30732d21467a5b716fc35cc5fd303745ff2218
  languageName: node
  linkType: hard

"@inquirer/rawlist@npm:^4.1.4":
  version: 4.1.4
  resolution: "@inquirer/rawlist@npm:4.1.4"
  dependencies:
    "@inquirer/core": "npm:^10.1.14"
    "@inquirer/type": "npm:^3.0.7"
    yoctocolors-cjs: "npm:^2.1.2"
  peerDependencies:
    "@types/node": ">=18"
  peerDependenciesMeta:
    "@types/node":
      optional: true
  checksum: 10c0/2ee08bbdd982e4d565dc37b38b4f45e5a040ea1e60e3f8ec808106c1b541585e9a5c3a18f795ae2168820695ad55fb88b2e391c3a0d616a4e74620250292e2d3
  languageName: node
  linkType: hard

"@inquirer/search@npm:^3.0.16":
  version: 3.0.16
  resolution: "@inquirer/search@npm:3.0.16"
  dependencies:
    "@inquirer/core": "npm:^10.1.14"
    "@inquirer/figures": "npm:^1.0.12"
    "@inquirer/type": "npm:^3.0.7"
    yoctocolors-cjs: "npm:^2.1.2"
  peerDependencies:
    "@types/node": ">=18"
  peerDependenciesMeta:
    "@types/node":
      optional: true
  checksum: 10c0/34330cec50dd72669cdee14a413e7b43dee0e09c8f181a86ccfbdac424b6296e39dcc3c5992168d06c8f5e4cab54644913d5281723fa7a0f454c2c3cafeea192
  languageName: node
  linkType: hard

"@inquirer/select@npm:^4.2.4":
  version: 4.2.4
  resolution: "@inquirer/select@npm:4.2.4"
  dependencies:
    "@inquirer/core": "npm:^10.1.14"
    "@inquirer/figures": "npm:^1.0.12"
    "@inquirer/type": "npm:^3.0.7"
    ansi-escapes: "npm:^4.3.2"
    yoctocolors-cjs: "npm:^2.1.2"
  peerDependencies:
    "@types/node": ">=18"
  peerDependenciesMeta:
    "@types/node":
      optional: true
  checksum: 10c0/8c2dff78f331a52862252ffbc2ad1b8b91cbc556c2af1e6acc5878855ffff7048bb45eefa53e0ef4fbf5310361d9986d10c2882c2355f815e05d635cab9bb679
  languageName: node
  linkType: hard

"@inquirer/type@npm:^3.0.7":
  version: 3.0.7
  resolution: "@inquirer/type@npm:3.0.7"
  peerDependencies:
    "@types/node": ">=18"
  peerDependenciesMeta:
    "@types/node":
      optional: true
  checksum: 10c0/bbaa33c274a10f70d3a587264e1db6dbfcd8c1458d595c54870d1d5b3fc113ab5063203ec12a098485bb9e2fcef1a87d8c6ecd2a6d44ddc575f5c4715379be5e
  languageName: node
  linkType: hard

"@oxlint/darwin-arm64@npm:1.5.0":
  version: 1.5.0
  resolution: "@oxlint/darwin-arm64@npm:1.5.0"
  conditions: os=darwin & cpu=arm64
  languageName: node
  linkType: hard

"@oxlint/darwin-x64@npm:1.5.0":
  version: 1.5.0
  resolution: "@oxlint/darwin-x64@npm:1.5.0"
  conditions: os=darwin & cpu=x64
  languageName: node
  linkType: hard

"@oxlint/linux-arm64-gnu@npm:1.5.0":
  version: 1.5.0
  resolution: "@oxlint/linux-arm64-gnu@npm:1.5.0"
  conditions: os=linux & cpu=arm64 & libc=glibc
  languageName: node
  linkType: hard

"@oxlint/linux-arm64-musl@npm:1.5.0":
  version: 1.5.0
  resolution: "@oxlint/linux-arm64-musl@npm:1.5.0"
  conditions: os=linux & cpu=arm64 & libc=musl
  languageName: node
  linkType: hard

"@oxlint/linux-x64-gnu@npm:1.5.0":
  version: 1.5.0
  resolution: "@oxlint/linux-x64-gnu@npm:1.5.0"
  conditions: os=linux & cpu=x64 & libc=glibc
  languageName: node
  linkType: hard

"@oxlint/linux-x64-musl@npm:1.5.0":
  version: 1.5.0
  resolution: "@oxlint/linux-x64-musl@npm:1.5.0"
  conditions: os=linux & cpu=x64 & libc=musl
  languageName: node
  linkType: hard

"@oxlint/win32-arm64@npm:1.5.0":
  version: 1.5.0
  resolution: "@oxlint/win32-arm64@npm:1.5.0"
  conditions: os=win32 & cpu=arm64
  languageName: node
  linkType: hard

"@oxlint/win32-x64@npm:1.5.0":
  version: 1.5.0
  resolution: "@oxlint/win32-x64@npm:1.5.0"
  conditions: os=win32 & cpu=x64
  languageName: node
  linkType: hard

"@puppeteer/browsers@npm:2.10.5":
  version: 2.10.5
  resolution: "@puppeteer/browsers@npm:2.10.5"
  dependencies:
    debug: "npm:^4.4.1"
    extract-zip: "npm:^2.0.1"
    progress: "npm:^2.0.3"
    proxy-agent: "npm:^6.5.0"
    semver: "npm:^7.7.2"
    tar-fs: "npm:^3.0.8"
    yargs: "npm:^17.7.2"
  bin:
    browsers: lib/cjs/main-cli.js
  checksum: 10c0/2634b9d6a654406b1012379f8df71f917b463aff687d97aeb4ea3142c041a4edf5b01efe8cdc9e63086ed6593023667f94657c1a7c0472760ffe1d26d4a2c218
  languageName: node
  linkType: hard

"@tootallnate/quickjs-emscripten@npm:^0.23.0":
  version: 0.23.0
  resolution: "@tootallnate/quickjs-emscripten@npm:0.23.0"
  checksum: 10c0/2a939b781826fb5fd3edd0f2ec3b321d259d760464cf20611c9877205aaca3ccc0b7304dea68416baa0d568e82cd86b17d29548d1e5139fa3155a4a86a2b4b49
  languageName: node
  linkType: hard

"@types/node@npm:*":
  version: 24.0.10
  resolution: "@types/node@npm:24.0.10"
  dependencies:
    undici-types: "npm:~7.8.0"
  checksum: 10c0/11dbd869d3e12ee7b7818113588950e538783e45d227122174c763cb05977defbd1e01b44b5ccd4b8997e42c3df7f7b83c6ee05cfa43d924c8882886bc5f6582
  languageName: node
  linkType: hard

"@types/yauzl@npm:^2.9.1":
  version: 2.10.3
  resolution: "@types/yauzl@npm:2.10.3"
  dependencies:
    "@types/node": "npm:*"
  checksum: 10c0/f1b7c1b99fef9f2fe7f1985ef7426d0cebe48cd031f1780fcdc7451eec7e31ac97028f16f50121a59bcf53086a1fc8c856fd5b7d3e00970e43d92ae27d6b43dc
  languageName: node
  linkType: hard

"agent-base@npm:^7.1.0, agent-base@npm:^7.1.2":
  version: 7.1.3
  resolution: "agent-base@npm:7.1.3"
  checksum: 10c0/6192b580c5b1d8fb399b9c62bf8343d76654c2dd62afcb9a52b2cf44a8b6ace1e3b704d3fe3547d91555c857d3df02603341ff2cb961b9cfe2b12f9f3c38ee11
  languageName: node
  linkType: hard

"ansi-escapes@npm:^4.3.2":
  version: 4.3.2
  resolution: "ansi-escapes@npm:4.3.2"
  dependencies:
    type-fest: "npm:^0.21.3"
  checksum: 10c0/da917be01871525a3dfcf925ae2977bc59e8c513d4423368645634bf5d4ceba5401574eb705c1e92b79f7292af5a656f78c5725a4b0e1cec97c4b413705c1d50
  languageName: node
  linkType: hard

"ansi-regex@npm:^5.0.1":
  version: 5.0.1
  resolution: "ansi-regex@npm:5.0.1"
  checksum: 10c0/9a64bb8627b434ba9327b60c027742e5d17ac69277960d041898596271d992d4d52ba7267a63ca10232e29f6107fc8a835f6ce8d719b88c5f8493f8254813737
  languageName: node
  linkType: hard

"ansi-styles@npm:^4.0.0":
  version: 4.3.0
  resolution: "ansi-styles@npm:4.3.0"
  dependencies:
    color-convert: "npm:^2.0.1"
  checksum: 10c0/895a23929da416f2bd3de7e9cb4eabd340949328ab85ddd6e484a637d8f6820d485f53933446f5291c3b760cbc488beb8e88573dd0f9c7daf83dccc8fe81b041
  languageName: node
  linkType: hard

"argparse@npm:^2.0.1":
  version: 2.0.1
  resolution: "argparse@npm:2.0.1"
  checksum: 10c0/c5640c2d89045371c7cedd6a70212a04e360fd34d6edeae32f6952c63949e3525ea77dbec0289d8213a99bbaeab5abfa860b5c12cf88a2e6cf8106e90dd27a7e
  languageName: node
  linkType: hard

"ast-types@npm:^0.13.4":
  version: 0.13.4
  resolution: "ast-types@npm:0.13.4"
  dependencies:
    tslib: "npm:^2.0.1"
  checksum: 10c0/3a1a409764faa1471601a0ad01b3aa699292991aa9c8a30c7717002cabdf5d98008e7b53ae61f6e058f757fc6ba965e147967a93c13e62692c907d79cfb245f8
  languageName: node
  linkType: hard

"b4a@npm:^1.6.4":
  version: 1.6.7
  resolution: "b4a@npm:1.6.7"
  checksum: 10c0/ec2f004d1daae04be8c5a1f8aeb7fea213c34025e279db4958eb0b82c1729ee25f7c6e89f92a5f65c8a9cf2d017ce27e3dda912403341d1781bd74528a4849d4
  languageName: node
  linkType: hard

"bare-events@npm:^2.2.0, bare-events@npm:^2.5.4":
  version: 2.5.4
  resolution: "bare-events@npm:2.5.4"
  checksum: 10c0/877a9cea73d545e2588cdbd6fd01653e27dac48ad6b44985cdbae73e1f57f292d4ba52e25d1fba53674c1053c463d159f3d5c7bc36a2e6e192e389b499ddd627
  languageName: node
  linkType: hard

"bare-fs@npm:^4.0.1":
  version: 4.1.6
  resolution: "bare-fs@npm:4.1.6"
  dependencies:
    bare-events: "npm:^2.5.4"
    bare-path: "npm:^3.0.0"
    bare-stream: "npm:^2.6.4"
  peerDependencies:
    bare-buffer: "*"
  peerDependenciesMeta:
    bare-buffer:
      optional: true
  checksum: 10c0/a02ef4a76b2e58a0b142b5f5d1b629a96ddf62abb2f70801361f8f7f85edf157d777707bff3e62e9e67c75445667b7047cf8a99de39c1a60032d1818850ff0ea
  languageName: node
  linkType: hard

"bare-os@npm:^3.0.1":
  version: 3.6.1
  resolution: "bare-os@npm:3.6.1"
  checksum: 10c0/13064789b3d0d3051d6a89424e6d861c08be101798d69faa78821cffb428b36d1fd4e17c824d5a4939bcd96dbff42c11921494139c8e53c3e520bc0e3f83aeee
  languageName: node
  linkType: hard

"bare-path@npm:^3.0.0":
  version: 3.0.0
  resolution: "bare-path@npm:3.0.0"
  dependencies:
    bare-os: "npm:^3.0.1"
  checksum: 10c0/56a3ca82a9f808f4976cb1188640ac206546ce0ddff582afafc7bd2a6a5b31c3bd16422653aec656eeada2830cfbaa433c6cbf6d6b4d9eba033d5e06d60d9a68
  languageName: node
  linkType: hard

"bare-stream@npm:^2.6.4":
  version: 2.6.5
  resolution: "bare-stream@npm:2.6.5"
  dependencies:
    streamx: "npm:^2.21.0"
  peerDependencies:
    bare-buffer: "*"
    bare-events: "*"
  peerDependenciesMeta:
    bare-buffer:
      optional: true
    bare-events:
      optional: true
  checksum: 10c0/1242286f8f3147e9fd353cdaa9cf53226a807ac0dde8177c13f1463aa4cd1f88e07407c883a1b322b901e9af2d1cd30aacd873529031132c384622972e0419df
  languageName: node
  linkType: hard

"basic-ftp@npm:^5.0.2":
  version: 5.0.5
  resolution: "basic-ftp@npm:5.0.5"
  checksum: 10c0/be983a3997749856da87b839ffce6b8ed6c7dbf91ea991d5c980d8add275f9f2926c19f80217ac3e7f353815be879371d636407ca72b038cea8cab30e53928a6
  languageName: node
  linkType: hard

"buffer-crc32@npm:~0.2.3":
  version: 0.2.13
  resolution: "buffer-crc32@npm:0.2.13"
  checksum: 10c0/cb0a8ddf5cf4f766466db63279e47761eb825693eeba6a5a95ee4ec8cb8f81ede70aa7f9d8aeec083e781d47154290eb5d4d26b3f7a465ec57fb9e7d59c47150
  languageName: node
  linkType: hard

"callsites@npm:^3.0.0":
  version: 3.1.0
  resolution: "callsites@npm:3.1.0"
  checksum: 10c0/fff92277400eb06c3079f9e74f3af120db9f8ea03bad0e84d9aede54bbe2d44a56cccb5f6cf12211f93f52306df87077ecec5b712794c5a9b5dac6d615a3f301
  languageName: node
  linkType: hard

"chardet@npm:^0.7.0":
  version: 0.7.0
  resolution: "chardet@npm:0.7.0"
  checksum: 10c0/96e4731b9ec8050cbb56ab684e8c48d6c33f7826b755802d14e3ebfdc51c57afeece3ea39bc6b09acc359e4363525388b915e16640c1378053820f5e70d0f27d
  languageName: node
  linkType: hard

"chromium-bidi@npm:5.1.0":
  version: 5.1.0
  resolution: "chromium-bidi@npm:5.1.0"
  dependencies:
    mitt: "npm:^3.0.1"
    zod: "npm:^3.24.1"
  peerDependencies:
    devtools-protocol: "*"
  checksum: 10c0/7bdbd59e6fcd2d4e48b5485e23c930e1608410bd9e98a0d2ab4286ab907d080b1866287a2544b5ea0c4e67f1d81d8398d9d43fcbe56fb60a007bf28eb63e36ec
  languageName: node
  linkType: hard

"cli-width@npm:^4.1.0":
  version: 4.1.0
  resolution: "cli-width@npm:4.1.0"
  checksum: 10c0/1fbd56413578f6117abcaf858903ba1f4ad78370a4032f916745fa2c7e390183a9d9029cf837df320b0fdce8137668e522f60a30a5f3d6529ff3872d265a955f
  languageName: node
  linkType: hard

"cliui@npm:^8.0.1":
  version: 8.0.1
  resolution: "cliui@npm:8.0.1"
  dependencies:
    string-width: "npm:^4.2.0"
    strip-ansi: "npm:^6.0.1"
    wrap-ansi: "npm:^7.0.0"
  checksum: 10c0/4bda0f09c340cbb6dfdc1ed508b3ca080f12992c18d68c6be4d9cf51756033d5266e61ec57529e610dacbf4da1c634423b0c1b11037709cc6b09045cbd815df5
  languageName: node
  linkType: hard

"color-convert@npm:^2.0.1":
  version: 2.0.1
  resolution: "color-convert@npm:2.0.1"
  dependencies:
    color-name: "npm:~1.1.4"
  checksum: 10c0/37e1150172f2e311fe1b2df62c6293a342ee7380da7b9cfdba67ea539909afbd74da27033208d01d6d5cfc65ee7868a22e18d7e7648e004425441c0f8a15a7d7
  languageName: node
  linkType: hard

"color-name@npm:~1.1.4":
  version: 1.1.4
  resolution: "color-name@npm:1.1.4"
  checksum: 10c0/a1a3f914156960902f46f7f56bc62effc6c94e84b2cae157a526b1c1f74b677a47ec602bf68a61abfa2b42d15b7c5651c6dbe72a43af720bc588dff885b10f95
  languageName: node
  linkType: hard

"cosmiconfig@npm:^9.0.0":
  version: 9.0.0
  resolution: "cosmiconfig@npm:9.0.0"
  dependencies:
    env-paths: "npm:^2.2.1"
    import-fresh: "npm:^3.3.0"
    js-yaml: "npm:^4.1.0"
    parse-json: "npm:^5.2.0"
  peerDependencies:
    typescript: ">=4.9.5"
  peerDependenciesMeta:
    typescript:
      optional: true
  checksum: 10c0/1c1703be4f02a250b1d6ca3267e408ce16abfe8364193891afc94c2d5c060b69611fdc8d97af74b7e6d5d1aac0ab2fb94d6b079573146bc2d756c2484ce5f0ee
  languageName: node
  linkType: hard

"data-uri-to-buffer@npm:^6.0.2":
  version: 6.0.2
  resolution: "data-uri-to-buffer@npm:6.0.2"
  checksum: 10c0/f76922bf895b3d7d443059ff278c9cc5efc89d70b8b80cd9de0aa79b3adc6d7a17948eefb8692e30398c43635f70ece1673d6085cc9eba2878dbc6c6da5292ac
  languageName: node
  linkType: hard

"debug@npm:4, debug@npm:^4.1.1, debug@npm:^4.3.4, debug@npm:^4.4.1":
  version: 4.4.1
  resolution: "debug@npm:4.4.1"
  dependencies:
    ms: "npm:^2.1.3"
  peerDependenciesMeta:
    supports-color:
      optional: true
  checksum: 10c0/d2b44bc1afd912b49bb7ebb0d50a860dc93a4dd7d946e8de94abc957bb63726b7dd5aa48c18c2386c379ec024c46692e15ed3ed97d481729f929201e671fcd55
  languageName: node
  linkType: hard

"degenerator@npm:^5.0.0":
  version: 5.0.1
  resolution: "degenerator@npm:5.0.1"
  dependencies:
    ast-types: "npm:^0.13.4"
    escodegen: "npm:^2.1.0"
    esprima: "npm:^4.0.1"
  checksum: 10c0/e48d8a651edeb512a648711a09afec269aac6de97d442a4bb9cf121a66877e0eec11b9727100a10252335c0666ae1c84a8bc1e3a3f47788742c975064d2c7b1c
  languageName: node
  linkType: hard

"devtools-protocol@npm:0.0.1464554":
  version: 0.0.1464554
  resolution: "devtools-protocol@npm:0.0.1464554"
  checksum: 10c0/c3db644b00a2172c93fb4627c4aa5ddbcc10f90aead3838bdf334b1d36da3a37e70599a8af8f90011486c4abeb54e32fbd8a736e2a8ddcefa7c56292251830c1
  languageName: node
  linkType: hard

"emoji-regex@npm:^8.0.0":
  version: 8.0.0
  resolution: "emoji-regex@npm:8.0.0"
  checksum: 10c0/b6053ad39951c4cf338f9092d7bfba448cdfd46fe6a2a034700b149ac9ffbc137e361cbd3c442297f86bed2e5f7576c1b54cc0a6bf8ef5106cc62f496af35010
  languageName: node
  linkType: hard

"end-of-stream@npm:^1.1.0":
  version: 1.4.5
  resolution: "end-of-stream@npm:1.4.5"
  dependencies:
    once: "npm:^1.4.0"
  checksum: 10c0/b0701c92a10b89afb1cb45bf54a5292c6f008d744eb4382fa559d54775ff31617d1d7bc3ef617575f552e24fad2c7c1a1835948c66b3f3a4be0a6c1f35c883d8
  languageName: node
  linkType: hard

"env-paths@npm:^2.2.1":
  version: 2.2.1
  resolution: "env-paths@npm:2.2.1"
  checksum: 10c0/285325677bf00e30845e330eec32894f5105529db97496ee3f598478e50f008c5352a41a30e5e72ec9de8a542b5a570b85699cd63bd2bc646dbcb9f311d83bc4
  languageName: node
  linkType: hard

"error-ex@npm:^1.3.1":
  version: 1.3.2
  resolution: "error-ex@npm:1.3.2"
  dependencies:
    is-arrayish: "npm:^0.2.1"
  checksum: 10c0/ba827f89369b4c93382cfca5a264d059dfefdaa56ecc5e338ffa58a6471f5ed93b71a20add1d52290a4873d92381174382658c885ac1a2305f7baca363ce9cce
  languageName: node
  linkType: hard

"escalade@npm:^3.1.1":
  version: 3.2.0
  resolution: "escalade@npm:3.2.0"
  checksum: 10c0/ced4dd3a78e15897ed3be74e635110bbf3b08877b0a41be50dcb325ee0e0b5f65fc2d50e9845194d7c4633f327e2e1c6cce00a71b617c5673df0374201d67f65
  languageName: node
  linkType: hard

"escodegen@npm:^2.1.0":
  version: 2.1.0
  resolution: "escodegen@npm:2.1.0"
  dependencies:
    esprima: "npm:^4.0.1"
    estraverse: "npm:^5.2.0"
    esutils: "npm:^2.0.2"
    source-map: "npm:~0.6.1"
  dependenciesMeta:
    source-map:
      optional: true
  bin:
    escodegen: bin/escodegen.js
    esgenerate: bin/esgenerate.js
  checksum: 10c0/e1450a1f75f67d35c061bf0d60888b15f62ab63aef9df1901cffc81cffbbb9e8b3de237c5502cf8613a017c1df3a3003881307c78835a1ab54d8c8d2206e01d3
  languageName: node
  linkType: hard

"esprima@npm:^4.0.1":
  version: 4.0.1
  resolution: "esprima@npm:4.0.1"
  bin:
    esparse: ./bin/esparse.js
    esvalidate: ./bin/esvalidate.js
  checksum: 10c0/ad4bab9ead0808cf56501750fd9d3fb276f6b105f987707d059005d57e182d18a7c9ec7f3a01794ebddcca676773e42ca48a32d67a250c9d35e009ca613caba3
  languageName: node
  linkType: hard

"estraverse@npm:^5.2.0":
  version: 5.3.0
  resolution: "estraverse@npm:5.3.0"
  checksum: 10c0/1ff9447b96263dec95d6d67431c5e0771eb9776427421260a3e2f0fdd5d6bd4f8e37a7338f5ad2880c9f143450c9b1e4fc2069060724570a49cf9cf0312bd107
  languageName: node
  linkType: hard

"esutils@npm:^2.0.2":
  version: 2.0.3
  resolution: "esutils@npm:2.0.3"
  checksum: 10c0/9a2fe69a41bfdade834ba7c42de4723c97ec776e40656919c62cbd13607c45e127a003f05f724a1ea55e5029a4cf2de444b13009f2af71271e42d93a637137c7
  languageName: node
  linkType: hard

"external-editor@npm:^3.1.0":
  version: 3.1.0
  resolution: "external-editor@npm:3.1.0"
  dependencies:
    chardet: "npm:^0.7.0"
    iconv-lite: "npm:^0.4.24"
    tmp: "npm:^0.0.33"
  checksum: 10c0/c98f1ba3efdfa3c561db4447ff366a6adb5c1e2581462522c56a18bf90dfe4da382f9cd1feee3e330108c3595a854b218272539f311ba1b3298f841eb0fbf339
  languageName: node
  linkType: hard

"extract-zip@npm:^2.0.1":
  version: 2.0.1
  resolution: "extract-zip@npm:2.0.1"
  dependencies:
    "@types/yauzl": "npm:^2.9.1"
    debug: "npm:^4.1.1"
    get-stream: "npm:^5.1.0"
    yauzl: "npm:^2.10.0"
  dependenciesMeta:
    "@types/yauzl":
      optional: true
  bin:
    extract-zip: cli.js
  checksum: 10c0/9afbd46854aa15a857ae0341a63a92743a7b89c8779102c3b4ffc207516b2019337353962309f85c66ee3d9092202a83cdc26dbf449a11981272038443974aee
  languageName: node
  linkType: hard

"fast-fifo@npm:^1.2.0, fast-fifo@npm:^1.3.2":
  version: 1.3.2
  resolution: "fast-fifo@npm:1.3.2"
  checksum: 10c0/d53f6f786875e8b0529f784b59b4b05d4b5c31c651710496440006a398389a579c8dbcd2081311478b5bf77f4b0b21de69109c5a4eabea9d8e8783d1eb864e4c
  languageName: node
  linkType: hard

"fd-slicer@npm:~1.1.0":
  version: 1.1.0
  resolution: "fd-slicer@npm:1.1.0"
  dependencies:
    pend: "npm:~1.2.0"
  checksum: 10c0/304dd70270298e3ffe3bcc05e6f7ade2511acc278bc52d025f8918b48b6aa3b77f10361bddfadfe2a28163f7af7adbdce96f4d22c31b2f648ba2901f0c5fc20e
  languageName: node
  linkType: hard

"get-caller-file@npm:^2.0.5":
  version: 2.0.5
  resolution: "get-caller-file@npm:2.0.5"
  checksum: 10c0/c6c7b60271931fa752aeb92f2b47e355eac1af3a2673f47c9589e8f8a41adc74d45551c1bc57b5e66a80609f10ffb72b6f575e4370d61cc3f7f3aaff01757cde
  languageName: node
  linkType: hard

"get-stream@npm:^5.1.0":
  version: 5.2.0
  resolution: "get-stream@npm:5.2.0"
  dependencies:
    pump: "npm:^3.0.0"
  checksum: 10c0/43797ffd815fbb26685bf188c8cfebecb8af87b3925091dd7b9a9c915993293d78e3c9e1bce125928ff92f2d0796f3889b92b5ec6d58d1041b574682132e0a80
  languageName: node
  linkType: hard

"get-uri@npm:^6.0.1":
  version: 6.0.4
  resolution: "get-uri@npm:6.0.4"
  dependencies:
    basic-ftp: "npm:^5.0.2"
    data-uri-to-buffer: "npm:^6.0.2"
    debug: "npm:^4.3.4"
  checksum: 10c0/07c87abe1f97a4545fae329a37a45e276ec57e6ad48dad2a97780f87c96b00a82c2043ab49e1a991f99bb5cff8f8ed975e44e4f8b3c9600f35493a97f123499f
  languageName: node
  linkType: hard

"http-proxy-agent@npm:^7.0.0, http-proxy-agent@npm:^7.0.1":
  version: 7.0.2
  resolution: "http-proxy-agent@npm:7.0.2"
  dependencies:
    agent-base: "npm:^7.1.0"
    debug: "npm:^4.3.4"
  checksum: 10c0/4207b06a4580fb85dd6dff521f0abf6db517489e70863dca1a0291daa7f2d3d2d6015a57bd702af068ea5cf9f1f6ff72314f5f5b4228d299c0904135d2aef921
  languageName: node
  linkType: hard

"https-proxy-agent@npm:^7.0.6":
  version: 7.0.6
  resolution: "https-proxy-agent@npm:7.0.6"
  dependencies:
    agent-base: "npm:^7.1.2"
    debug: "npm:4"
  checksum: 10c0/f729219bc735edb621fa30e6e84e60ee5d00802b8247aac0d7b79b0bd6d4b3294737a337b93b86a0bd9e68099d031858a39260c976dc14cdbba238ba1f8779ac
  languageName: node
  linkType: hard

"iconv-lite@npm:^0.4.24":
  version: 0.4.24
  resolution: "iconv-lite@npm:0.4.24"
  dependencies:
    safer-buffer: "npm:>= 2.1.2 < 3"
  checksum: 10c0/c6886a24cc00f2a059767440ec1bc00d334a89f250db8e0f7feb4961c8727118457e27c495ba94d082e51d3baca378726cd110aaf7ded8b9bbfd6a44760cf1d4
  languageName: node
  linkType: hard

"import-fresh@npm:^3.3.0":
  version: 3.3.1
  resolution: "import-fresh@npm:3.3.1"
  dependencies:
    parent-module: "npm:^1.0.0"
    resolve-from: "npm:^4.0.0"
  checksum: 10c0/bf8cc494872fef783249709385ae883b447e3eb09db0ebd15dcead7d9afe7224dad7bd7591c6b73b0b19b3c0f9640eb8ee884f01cfaf2887ab995b0b36a0cbec
  languageName: node
  linkType: hard

"inquirer@npm:^12.7.0":
  version: 12.7.0
  resolution: "inquirer@npm:12.7.0"
  dependencies:
    "@inquirer/core": "npm:^10.1.14"
    "@inquirer/prompts": "npm:^7.6.0"
    "@inquirer/type": "npm:^3.0.7"
    ansi-escapes: "npm:^4.3.2"
    mute-stream: "npm:^2.0.0"
    run-async: "npm:^4.0.4"
    rxjs: "npm:^7.8.2"
  peerDependencies:
    "@types/node": ">=18"
  peerDependenciesMeta:
    "@types/node":
      optional: true
  checksum: 10c0/0e666c104b10dcc87806d80c7a7ee2f604557dd2ede660544b1b6795926dc76ec385c7165a99cf53bdc881e53a4183f6df033351df7d7f5682963a67cccc734f
  languageName: node
  linkType: hard

"ip-address@npm:^9.0.5":
  version: 9.0.5
  resolution: "ip-address@npm:9.0.5"
  dependencies:
    jsbn: "npm:1.1.0"
    sprintf-js: "npm:^1.1.3"
  checksum: 10c0/331cd07fafcb3b24100613e4b53e1a2b4feab11e671e655d46dc09ee233da5011284d09ca40c4ecbdfe1d0004f462958675c224a804259f2f78d2465a87824bc
  languageName: node
  linkType: hard

"is-arrayish@npm:^0.2.1":
  version: 0.2.1
  resolution: "is-arrayish@npm:0.2.1"
  checksum: 10c0/e7fb686a739068bb70f860b39b67afc62acc62e36bb61c5f965768abce1873b379c563e61dd2adad96ebb7edf6651111b385e490cf508378959b0ed4cac4e729
  languageName: node
  linkType: hard

"is-fullwidth-code-point@npm:^3.0.0":
  version: 3.0.0
  resolution: "is-fullwidth-code-point@npm:3.0.0"
  checksum: 10c0/bb11d825e049f38e04c06373a8d72782eee0205bda9d908cc550ccb3c59b99d750ff9537982e01733c1c94a58e35400661f57042158ff5e8f3e90cf936daf0fc
  languageName: node
  linkType: hard

"js-tokens@npm:^4.0.0":
  version: 4.0.0
  resolution: "js-tokens@npm:4.0.0"
  checksum: 10c0/e248708d377aa058eacf2037b07ded847790e6de892bbad3dac0abba2e759cb9f121b00099a65195616badcb6eca8d14d975cb3e89eb1cfda644756402c8aeed
  languageName: node
  linkType: hard

"js-yaml@npm:^4.1.0":
  version: 4.1.0
  resolution: "js-yaml@npm:4.1.0"
  dependencies:
    argparse: "npm:^2.0.1"
  bin:
    js-yaml: bin/js-yaml.js
  checksum: 10c0/184a24b4eaacfce40ad9074c64fd42ac83cf74d8c8cd137718d456ced75051229e5061b8633c3366b8aada17945a7a356b337828c19da92b51ae62126575018f
  languageName: node
  linkType: hard

"jsbn@npm:1.1.0":
  version: 1.1.0
  resolution: "jsbn@npm:1.1.0"
  checksum: 10c0/4f907fb78d7b712e11dea8c165fe0921f81a657d3443dde75359ed52eb2b5d33ce6773d97985a089f09a65edd80b11cb75c767b57ba47391fee4c969f7215c96
  languageName: node
  linkType: hard

"json-parse-even-better-errors@npm:^2.3.0":
  version: 2.3.1
  resolution: "json-parse-even-better-errors@npm:2.3.1"
  checksum: 10c0/140932564c8f0b88455432e0f33c4cb4086b8868e37524e07e723f4eaedb9425bdc2bafd71bd1d9765bd15fd1e2d126972bc83990f55c467168c228c24d665f3
  languageName: node
  linkType: hard

"lines-and-columns@npm:^1.1.6":
  version: 1.2.4
  resolution: "lines-and-columns@npm:1.2.4"
  checksum: 10c0/3da6ee62d4cd9f03f5dc90b4df2540fb85b352081bee77fe4bbcd12c9000ead7f35e0a38b8d09a9bb99b13223446dd8689ff3c4959807620726d788701a83d2d
  languageName: node
  linkType: hard

"lru-cache@npm:^7.14.1":
  version: 7.18.3
  resolution: "lru-cache@npm:7.18.3"
  checksum: 10c0/b3a452b491433db885beed95041eb104c157ef7794b9c9b4d647be503be91769d11206bb573849a16b4cc0d03cbd15ffd22df7960997788b74c1d399ac7a4fed
  languageName: node
  linkType: hard

"mitt@npm:^3.0.1":
  version: 3.0.1
  resolution: "mitt@npm:3.0.1"
  checksum: 10c0/3ab4fdecf3be8c5255536faa07064d05caa3dd332bd318ff02e04621f7b3069ca1de9106cfe8e7ced675abfc2bec2ce4c4ef321c4a1bb1fb29df8ae090741913
  languageName: node
  linkType: hard

"ms@npm:^2.1.3":
  version: 2.1.3
  resolution: "ms@npm:2.1.3"
  checksum: 10c0/d924b57e7312b3b63ad21fc5b3dc0af5e78d61a1fc7cfb5457edaf26326bf62be5307cc87ffb6862ef1c2b33b0233cdb5d4f01c4c958cc0d660948b65a287a48
  languageName: node
  linkType: hard

"mute-stream@npm:^2.0.0":
  version: 2.0.0
  resolution: "mute-stream@npm:2.0.0"
  checksum: 10c0/2cf48a2087175c60c8dcdbc619908b49c07f7adcfc37d29236b0c5c612d6204f789104c98cc44d38acab7b3c96f4a3ec2cfdc4934d0738d876dbefa2a12c69f4
  languageName: node
  linkType: hard

"netmask@npm:^2.0.2":
  version: 2.0.2
  resolution: "netmask@npm:2.0.2"
  checksum: 10c0/cafd28388e698e1138ace947929f842944d0f1c0b87d3fa2601a61b38dc89397d33c0ce2c8e7b99e968584b91d15f6810b91bef3f3826adf71b1833b61d4bf4f
  languageName: node
  linkType: hard

"once@npm:^1.3.1, once@npm:^1.4.0":
  version: 1.4.0
  resolution: "once@npm:1.4.0"
  dependencies:
    wrappy: "npm:1"
  checksum: 10c0/5d48aca287dfefabd756621c5dfce5c91a549a93e9fdb7b8246bc4c4790aa2ec17b34a260530474635147aeb631a2dcc8b32c613df0675f96041cbb8244517d0
  languageName: node
  linkType: hard

"os-tmpdir@npm:~1.0.2":
  version: 1.0.2
  resolution: "os-tmpdir@npm:1.0.2"
  checksum: 10c0/f438450224f8e2687605a8dd318f0db694b6293c5d835ae509a69e97c8de38b6994645337e5577f5001115470414638978cc49da1cdcc25106dad8738dc69990
  languageName: node
  linkType: hard

"oxlint@npm:^1.2.0":
  version: 1.5.0
  resolution: "oxlint@npm:1.5.0"
  dependencies:
    "@oxlint/darwin-arm64": "npm:1.5.0"
    "@oxlint/darwin-x64": "npm:1.5.0"
    "@oxlint/linux-arm64-gnu": "npm:1.5.0"
    "@oxlint/linux-arm64-musl": "npm:1.5.0"
    "@oxlint/linux-x64-gnu": "npm:1.5.0"
    "@oxlint/linux-x64-musl": "npm:1.5.0"
    "@oxlint/win32-arm64": "npm:1.5.0"
    "@oxlint/win32-x64": "npm:1.5.0"
  dependenciesMeta:
    "@oxlint/darwin-arm64":
      optional: true
    "@oxlint/darwin-x64":
      optional: true
    "@oxlint/linux-arm64-gnu":
      optional: true
    "@oxlint/linux-arm64-musl":
      optional: true
    "@oxlint/linux-x64-gnu":
      optional: true
    "@oxlint/linux-x64-musl":
      optional: true
    "@oxlint/win32-arm64":
      optional: true
    "@oxlint/win32-x64":
      optional: true
  bin:
    oxc_language_server: bin/oxc_language_server
    oxlint: bin/oxlint
  checksum: 10c0/663ca8ec447c8696e4c22972601e59a5842adc1096031217af9aa1a43cab29c49c4acddfa0559f5fce257a5b788200023a894325195b4872c05610df3a33c326
  languageName: node
  linkType: hard

"pac-proxy-agent@npm:^7.1.0":
  version: 7.2.0
  resolution: "pac-proxy-agent@npm:7.2.0"
  dependencies:
    "@tootallnate/quickjs-emscripten": "npm:^0.23.0"
    agent-base: "npm:^7.1.2"
    debug: "npm:^4.3.4"
    get-uri: "npm:^6.0.1"
    http-proxy-agent: "npm:^7.0.0"
    https-proxy-agent: "npm:^7.0.6"
    pac-resolver: "npm:^7.0.1"
    socks-proxy-agent: "npm:^8.0.5"
  checksum: 10c0/0265c17c9401c2ea735697931a6553a0c6d8b20c4d7d4e3b3a0506080ba69a8d5ad656e2a6be875411212e2b6ed7a4d9526dd3997e08581fdfb1cbcad454c296
  languageName: node
  linkType: hard

"pac-resolver@npm:^7.0.1":
  version: 7.0.1
  resolution: "pac-resolver@npm:7.0.1"
  dependencies:
    degenerator: "npm:^5.0.0"
    netmask: "npm:^2.0.2"
  checksum: 10c0/5f3edd1dd10fded31e7d1f95776442c3ee51aa098c28b74ede4927d9677ebe7cebb2636750c24e945f5b84445e41ae39093d3a1014a994e5ceb9f0b1b88ebff5
  languageName: node
  linkType: hard

"parent-module@npm:^1.0.0":
  version: 1.0.1
  resolution: "parent-module@npm:1.0.1"
  dependencies:
    callsites: "npm:^3.0.0"
  checksum: 10c0/c63d6e80000d4babd11978e0d3fee386ca7752a02b035fd2435960ffaa7219dc42146f07069fb65e6e8bf1caef89daf9af7535a39bddf354d78bf50d8294f556
  languageName: node
  linkType: hard

"parse-json@npm:^5.2.0":
  version: 5.2.0
  resolution: "parse-json@npm:5.2.0"
  dependencies:
    "@babel/code-frame": "npm:^7.0.0"
    error-ex: "npm:^1.3.1"
    json-parse-even-better-errors: "npm:^2.3.0"
    lines-and-columns: "npm:^1.1.6"
  checksum: 10c0/77947f2253005be7a12d858aedbafa09c9ae39eb4863adf330f7b416ca4f4a08132e453e08de2db46459256fb66afaac5ee758b44fe6541b7cdaf9d252e59585
  languageName: node
  linkType: hard

"pend@npm:~1.2.0":
  version: 1.2.0
  resolution: "pend@npm:1.2.0"
  checksum: 10c0/8a87e63f7a4afcfb0f9f77b39bb92374afc723418b9cb716ee4257689224171002e07768eeade4ecd0e86f1fa3d8f022994219fb45634f2dbd78c6803e452458
  languageName: node
  linkType: hard

"picocolors@npm:^1.1.1":
  version: 1.1.1
  resolution: "picocolors@npm:1.1.1"
  checksum: 10c0/e2e3e8170ab9d7c7421969adaa7e1b31434f789afb9b3f115f6b96d91945041ac3ceb02e9ec6fe6510ff036bcc0bf91e69a1772edc0b707e12b19c0f2d6bcf58
  languageName: node
  linkType: hard

"prettier@npm:^3.5.3":
  version: 3.6.2
  resolution: "prettier@npm:3.6.2"
  bin:
    prettier: bin/prettier.cjs
  checksum: 10c0/488cb2f2b99ec13da1e50074912870217c11edaddedeadc649b1244c749d15ba94e846423d062e2c4c9ae683e2d65f754de28889ba06e697ac4f988d44f45812
  languageName: node
  linkType: hard

"progress@npm:^2.0.3":
  version: 2.0.3
  resolution: "progress@npm:2.0.3"
  checksum: 10c0/1697e07cb1068055dbe9fe858d242368ff5d2073639e652b75a7eb1f2a1a8d4afd404d719de23c7b48481a6aa0040686310e2dac2f53d776daa2176d3f96369c
  languageName: node
  linkType: hard

"proxy-agent@npm:^6.5.0":
  version: 6.5.0
  resolution: "proxy-agent@npm:6.5.0"
  dependencies:
    agent-base: "npm:^7.1.2"
    debug: "npm:^4.3.4"
    http-proxy-agent: "npm:^7.0.1"
    https-proxy-agent: "npm:^7.0.6"
    lru-cache: "npm:^7.14.1"
    pac-proxy-agent: "npm:^7.1.0"
    proxy-from-env: "npm:^1.1.0"
    socks-proxy-agent: "npm:^8.0.5"
  checksum: 10c0/7fd4e6f36bf17098a686d4aee3b8394abfc0b0537c2174ce96b0a4223198b9fafb16576c90108a3fcfc2af0168bd7747152bfa1f58e8fee91d3780e79aab7fd8
  languageName: node
  linkType: hard

"proxy-from-env@npm:^1.1.0":
  version: 1.1.0
  resolution: "proxy-from-env@npm:1.1.0"
  checksum: 10c0/fe7dd8b1bdbbbea18d1459107729c3e4a2243ca870d26d34c2c1bcd3e4425b7bcc5112362df2d93cc7fb9746f6142b5e272fd1cc5c86ddf8580175186f6ad42b
  languageName: node
  linkType: hard

"pump@npm:^3.0.0":
  version: 3.0.3
  resolution: "pump@npm:3.0.3"
  dependencies:
    end-of-stream: "npm:^1.1.0"
    once: "npm:^1.3.1"
  checksum: 10c0/ada5cdf1d813065bbc99aa2c393b8f6beee73b5de2890a8754c9f488d7323ffd2ca5f5a0943b48934e3fcbd97637d0337369c3c631aeb9614915db629f1c75c9
  languageName: node
  linkType: hard

"puppeteer-core@npm:24.11.2":
  version: 24.11.2
  resolution: "puppeteer-core@npm:24.11.2"
  dependencies:
    "@puppeteer/browsers": "npm:2.10.5"
    chromium-bidi: "npm:5.1.0"
    debug: "npm:^4.4.1"
    devtools-protocol: "npm:0.0.1464554"
    typed-query-selector: "npm:^2.12.0"
    ws: "npm:^8.18.3"
  checksum: 10c0/e2c15048b9dd2d793f99f1d30606aa4313842f95606507dfbd9e56d689a9c2042b5ceea119adc6ee5eb93ac01a2151f2eba88e88785099fc41561c7ac6998104
  languageName: node
  linkType: hard

"puppeteer@npm:^24.11.2":
  version: 24.11.2
  resolution: "puppeteer@npm:24.11.2"
  dependencies:
    "@puppeteer/browsers": "npm:2.10.5"
    chromium-bidi: "npm:5.1.0"
    cosmiconfig: "npm:^9.0.0"
    devtools-protocol: "npm:0.0.1464554"
    puppeteer-core: "npm:24.11.2"
    typed-query-selector: "npm:^2.12.0"
  bin:
    puppeteer: lib/cjs/puppeteer/node/cli.js
  checksum: 10c0/6d5af3ae3a96569adfdd07a91a4c053e9ea866adb1360b67cf6706b729ead440dc629d5aa2ad351aa9f068d89625c866b4be08bfd15c2b8c07e043e7e2663a4b
  languageName: node
  linkType: hard

"require-directory@npm:^2.1.1":
  version: 2.1.1
  resolution: "require-directory@npm:2.1.1"
  checksum: 10c0/83aa76a7bc1531f68d92c75a2ca2f54f1b01463cb566cf3fbc787d0de8be30c9dbc211d1d46be3497dac5785fe296f2dd11d531945ac29730643357978966e99
  languageName: node
  linkType: hard

"resolve-from@npm:^4.0.0":
  version: 4.0.0
  resolution: "resolve-from@npm:4.0.0"
  checksum: 10c0/8408eec31a3112ef96e3746c37be7d64020cda07c03a920f5024e77290a218ea758b26ca9529fd7b1ad283947f34b2291c1c0f6aa0ed34acfdda9c6014c8d190
  languageName: node
  linkType: hard

"run-async@npm:^4.0.4":
  version: 4.0.4
  resolution: "run-async@npm:4.0.4"
  dependencies:
    oxlint: "npm:^1.2.0"
    prettier: "npm:^3.5.3"
  checksum: 10c0/f0bb389ded2e4ed38ecbb7a277f4cd150b9a8c457b9cffc7ea8d2db27c1452f81b4900be2ea61582a9bb040fbbae7701bfdc023a3a27ef8f3413781fc1aa0ad0
  languageName: node
  linkType: hard

"rxjs@npm:^7.8.2":
  version: 7.8.2
  resolution: "rxjs@npm:7.8.2"
  dependencies:
    tslib: "npm:^2.1.0"
  checksum: 10c0/1fcd33d2066ada98ba8f21fcbbcaee9f0b271de1d38dc7f4e256bfbc6ffcdde68c8bfb69093de7eeb46f24b1fb820620bf0223706cff26b4ab99a7ff7b2e2c45
  languageName: node
  linkType: hard

"safer-buffer@npm:>= 2.1.2 < 3":
  version: 2.1.2
  resolution: "safer-buffer@npm:2.1.2"
  checksum: 10c0/7e3c8b2e88a1841c9671094bbaeebd94448111dd90a81a1f606f3f67708a6ec57763b3b47f06da09fc6054193e0e6709e77325415dc8422b04497a8070fa02d4
  languageName: node
  linkType: hard

"semver@npm:^7.7.2":
  version: 7.7.2
  resolution: "semver@npm:7.7.2"
  bin:
    semver: bin/semver.js
  checksum: 10c0/aca305edfbf2383c22571cb7714f48cadc7ac95371b4b52362fb8eeffdfbc0de0669368b82b2b15978f8848f01d7114da65697e56cd8c37b0dab8c58e543f9ea
  languageName: node
  linkType: hard

"shader-renderer@workspace:.":
  version: 0.0.0-use.local
  resolution: "shader-renderer@workspace:."
  dependencies:
    inquirer: "npm:^12.7.0"
    puppeteer: "npm:^24.11.2"
  languageName: unknown
  linkType: soft

"signal-exit@npm:^4.1.0":
  version: 4.1.0
  resolution: "signal-exit@npm:4.1.0"
  checksum: 10c0/41602dce540e46d599edba9d9860193398d135f7ff72cab629db5171516cfae628d21e7bfccde1bbfdf11c48726bc2a6d1a8fb8701125852fbfda7cf19c6aa83
  languageName: node
  linkType: hard

"smart-buffer@npm:^4.2.0":
  version: 4.2.0
  resolution: "smart-buffer@npm:4.2.0"
  checksum: 10c0/a16775323e1404dd43fabafe7460be13a471e021637bc7889468eb45ce6a6b207261f454e4e530a19500cc962c4cc5348583520843b363f4193cee5c00e1e539
  languageName: node
  linkType: hard

"socks-proxy-agent@npm:^8.0.5":
  version: 8.0.5
  resolution: "socks-proxy-agent@npm:8.0.5"
  dependencies:
    agent-base: "npm:^7.1.2"
    debug: "npm:^4.3.4"
    socks: "npm:^2.8.3"
  checksum: 10c0/5d2c6cecba6821389aabf18728325730504bf9bb1d9e342e7987a5d13badd7a98838cc9a55b8ed3cb866ad37cc23e1086f09c4d72d93105ce9dfe76330e9d2a6
  languageName: node
  linkType: hard

"socks@npm:^2.8.3":
  version: 2.8.5
  resolution: "socks@npm:2.8.5"
  dependencies:
    ip-address: "npm:^9.0.5"
    smart-buffer: "npm:^4.2.0"
  checksum: 10c0/e427d0eb0451cfd04e20b9156ea8c0e9b5e38a8d70f21e55c30fbe4214eda37cfc25d782c63f9adc5fbdad6d062a0f127ef2cefc9a44b6fee2b9ea5d1ed10827
  languageName: node
  linkType: hard

"source-map@npm:~0.6.1":
  version: 0.6.1
  resolution: "source-map@npm:0.6.1"
  checksum: 10c0/ab55398007c5e5532957cb0beee2368529618ac0ab372d789806f5718123cc4367d57de3904b4e6a4170eb5a0b0f41373066d02ca0735a0c4d75c7d328d3e011
  languageName: node
  linkType: hard

"sprintf-js@npm:^1.1.3":
  version: 1.1.3
  resolution: "sprintf-js@npm:1.1.3"
  checksum: 10c0/09270dc4f30d479e666aee820eacd9e464215cdff53848b443964202bf4051490538e5dd1b42e1a65cf7296916ca17640aebf63dae9812749c7542ee5f288dec
  languageName: node
  linkType: hard

"streamx@npm:^2.15.0, streamx@npm:^2.21.0":
  version: 2.22.1
  resolution: "streamx@npm:2.22.1"
  dependencies:
    bare-events: "npm:^2.2.0"
    fast-fifo: "npm:^1.3.2"
    text-decoder: "npm:^1.1.0"
  dependenciesMeta:
    bare-events:
      optional: true
  checksum: 10c0/b5e489cca78ff23b910e7d58c3e0059e692f93ec401a5974689f2c50c33c9d94f64246a305566ad52cdb818ee583e02e4257b9066fd654cb9f576a9692fdb976
  languageName: node
  linkType: hard

"string-width@npm:^4.1.0, string-width@npm:^4.2.0, string-width@npm:^4.2.3":
  version: 4.2.3
  resolution: "string-width@npm:4.2.3"
  dependencies:
    emoji-regex: "npm:^8.0.0"
    is-fullwidth-code-point: "npm:^3.0.0"
    strip-ansi: "npm:^6.0.1"
  checksum: 10c0/1e525e92e5eae0afd7454086eed9c818ee84374bb80328fc41217ae72ff5f065ef1c9d7f72da41de40c75fa8bb3dee63d92373fd492c84260a552c636392a47b
  languageName: node
  linkType: hard

"strip-ansi@npm:^6.0.0, strip-ansi@npm:^6.0.1":
  version: 6.0.1
  resolution: "strip-ansi@npm:6.0.1"
  dependencies:
    ansi-regex: "npm:^5.0.1"
  checksum: 10c0/1ae5f212a126fe5b167707f716942490e3933085a5ff6c008ab97ab2f272c8025d3aa218b7bd6ab25729ca20cc81cddb252102f8751e13482a5199e873680952
  languageName: node
  linkType: hard

"tar-fs@npm:^3.0.8":
  version: 3.1.0
  resolution: "tar-fs@npm:3.1.0"
  dependencies:
    bare-fs: "npm:^4.0.1"
    bare-path: "npm:^3.0.0"
    pump: "npm:^3.0.0"
    tar-stream: "npm:^3.1.5"
  dependenciesMeta:
    bare-fs:
      optional: true
    bare-path:
      optional: true
  checksum: 10c0/760309677543c03fbc253b5ef1ab4bb2ceafb554471b6cbe4930d1633f35662ec26a1414c66fa6754f5aa7e8c65003f73849242f624c322d3dcba7a8888a6915
  languageName: node
  linkType: hard

"tar-stream@npm:^3.1.5":
  version: 3.1.7
  resolution: "tar-stream@npm:3.1.7"
  dependencies:
    b4a: "npm:^1.6.4"
    fast-fifo: "npm:^1.2.0"
    streamx: "npm:^2.15.0"
  checksum: 10c0/a09199d21f8714bd729993ac49b6c8efcb808b544b89f23378ad6ffff6d1cb540878614ba9d4cfec11a64ef39e1a6f009a5398371491eb1fda606ffc7f70f718
  languageName: node
  linkType: hard

"text-decoder@npm:^1.1.0":
  version: 1.2.3
  resolution: "text-decoder@npm:1.2.3"
  dependencies:
    b4a: "npm:^1.6.4"
  checksum: 10c0/569d776b9250158681c83656ef2c3e0a5d5c660c27ca69f87eedef921749a4fbf02095e5f9a0f862a25cf35258379b06e31dee9c125c9f72e273b7ca1a6d1977
  languageName: node
  linkType: hard

"tmp@npm:^0.0.33":
  version: 0.0.33
  resolution: "tmp@npm:0.0.33"
  dependencies:
    os-tmpdir: "npm:~1.0.2"
  checksum: 10c0/69863947b8c29cabad43fe0ce65cec5bb4b481d15d4b4b21e036b060b3edbf3bc7a5541de1bacb437bb3f7c4538f669752627fdf9b4aaf034cebd172ba373408
  languageName: node
  linkType: hard

"tslib@npm:^2.0.1, tslib@npm:^2.1.0":
  version: 2.8.1
  resolution: "tslib@npm:2.8.1"
  checksum: 10c0/9c4759110a19c53f992d9aae23aac5ced636e99887b51b9e61def52611732872ff7668757d4e4c61f19691e36f4da981cd9485e869b4a7408d689f6bf1f14e62
  languageName: node
  linkType: hard

"type-fest@npm:^0.21.3":
  version: 0.21.3
  resolution: "type-fest@npm:0.21.3"
  checksum: 10c0/902bd57bfa30d51d4779b641c2bc403cdf1371fb9c91d3c058b0133694fcfdb817aef07a47f40faf79039eecbaa39ee9d3c532deff244f3a19ce68cea71a61e8
  languageName: node
  linkType: hard

"typed-query-selector@npm:^2.12.0":
  version: 2.12.0
  resolution: "typed-query-selector@npm:2.12.0"
  checksum: 10c0/069509887ecfff824a470f5f93d300cc9223cb059a36c47ac685f2812c4c9470340e07615893765e4264cef1678507532fa78f642fd52f276b589f7f5d791f79
  languageName: node
  linkType: hard

"undici-types@npm:~7.8.0":
  version: 7.8.0
  resolution: "undici-types@npm:7.8.0"
  checksum: 10c0/9d9d246d1dc32f318d46116efe3cfca5a72d4f16828febc1918d94e58f6ffcf39c158aa28bf5b4fc52f410446bc7858f35151367bd7a49f21746cab6497b709b
  languageName: node
  linkType: hard

"wrap-ansi@npm:^6.2.0":
  version: 6.2.0
  resolution: "wrap-ansi@npm:6.2.0"
  dependencies:
    ansi-styles: "npm:^4.0.0"
    string-width: "npm:^4.1.0"
    strip-ansi: "npm:^6.0.0"
  checksum: 10c0/baad244e6e33335ea24e86e51868fe6823626e3a3c88d9a6674642afff1d34d9a154c917e74af8d845fd25d170c4ea9cf69a47133c3f3656e1252b3d462d9f6c
  languageName: node
  linkType: hard

"wrap-ansi@npm:^7.0.0":
  version: 7.0.0
  resolution: "wrap-ansi@npm:7.0.0"
  dependencies:
    ansi-styles: "npm:^4.0.0"
    string-width: "npm:^4.1.0"
    strip-ansi: "npm:^6.0.0"
  checksum: 10c0/d15fc12c11e4cbc4044a552129ebc75ee3f57aa9c1958373a4db0292d72282f54373b536103987a4a7594db1ef6a4f10acf92978f79b98c49306a4b58c77d4da
  languageName: node
  linkType: hard

"wrappy@npm:1":
  version: 1.0.2
  resolution: "wrappy@npm:1.0.2"
  checksum: 10c0/56fece1a4018c6a6c8e28fbc88c87e0fbf4ea8fd64fc6c63b18f4acc4bd13e0ad2515189786dd2c30d3eec9663d70f4ecf699330002f8ccb547e4a18231fc9f0
  languageName: node
  linkType: hard

"ws@npm:^8.18.3":
  version: 8.18.3
  resolution: "ws@npm:8.18.3"
  peerDependencies:
    bufferutil: ^4.0.1
    utf-8-validate: ">=5.0.2"
  peerDependenciesMeta:
    bufferutil:
      optional: true
    utf-8-validate:
      optional: true
  checksum: 10c0/eac918213de265ef7cb3d4ca348b891a51a520d839aa51cdb8ca93d4fa7ff9f6ccb339ccee89e4075324097f0a55157c89fa3f7147bde9d8d7e90335dc087b53
  languageName: node
  linkType: hard

"y18n@npm:^5.0.5":
  version: 5.0.8
  resolution: "y18n@npm:5.0.8"
  checksum: 10c0/4df2842c36e468590c3691c894bc9cdbac41f520566e76e24f59401ba7d8b4811eb1e34524d57e54bc6d864bcb66baab7ffd9ca42bf1eda596618f9162b91249
  languageName: node
  linkType: hard

"yargs-parser@npm:^21.1.1":
  version: 21.1.1
  resolution: "yargs-parser@npm:21.1.1"
  checksum: 10c0/f84b5e48169479d2f402239c59f084cfd1c3acc197a05c59b98bab067452e6b3ea46d4dd8ba2985ba7b3d32a343d77df0debd6b343e5dae3da2aab2cdf5886b2
  languageName: node
  linkType: hard

"yargs@npm:^17.7.2":
  version: 17.7.2
  resolution: "yargs@npm:17.7.2"
  dependencies:
    cliui: "npm:^8.0.1"
    escalade: "npm:^3.1.1"
    get-caller-file: "npm:^2.0.5"
    require-directory: "npm:^2.1.1"
    string-width: "npm:^4.2.3"
    y18n: "npm:^5.0.5"
    yargs-parser: "npm:^21.1.1"
  checksum: 10c0/ccd7e723e61ad5965fffbb791366db689572b80cca80e0f96aad968dfff4156cd7cd1ad18607afe1046d8241e6fb2d6c08bf7fa7bfb5eaec818735d8feac8f05
  languageName: node
  linkType: hard

"yauzl@npm:^2.10.0":
  version: 2.10.0
  resolution: "yauzl@npm:2.10.0"
  dependencies:
    buffer-crc32: "npm:~0.2.3"
    fd-slicer: "npm:~1.1.0"
  checksum: 10c0/f265002af7541b9ec3589a27f5fb8f11cf348b53cc15e2751272e3c062cd73f3e715bc72d43257de71bbaecae446c3f1b14af7559e8ab0261625375541816422
  languageName: node
  linkType: hard

"yoctocolors-cjs@npm:^2.1.2":
  version: 2.1.2
  resolution: "yoctocolors-cjs@npm:2.1.2"
  checksum: 10c0/a0e36eb88fea2c7981eab22d1ba45e15d8d268626e6c4143305e2c1628fa17ebfaa40cd306161a8ce04c0a60ee0262058eab12567493d5eb1409780853454c6f
  languageName: node
  linkType: hard

"zod@npm:^3.24.1":
  version: 3.25.73
  resolution: "zod@npm:3.25.73"
  checksum: 10c0/dac012027decd7fc9206242a046b8e4ad175e3b4ae1fc8de62e60e650932f72ec709773b9861ec41c89cb7dce41b3536551f0ab5942ff2373592af8d2b667631
  languageName: node
  linkType: hard
